
Microsoft Visual Studio Solution File, Format Version 12.00
# Visual Studio 2013
VisualStudioVersion = 12.0.30501.0
MinimumVisualStudioVersion = 10.0.40219.1
Project("{FAE04EC0-301F-11D3-BF4B-00C04F79EFBC}") = "GoogleIt", "GoogleIt\GoogleIt.csproj", "{4147D5E1-E7C3-4519-93F9-6BA7020E4D82}"
EndProject
Project("{6141683F-8A12-4E36-9623-2EB02B2C2303}") = "Setup", "Setup\Setup.isproj", "{83DB9899-5876-4735-B726-78F663485F6B}"
	ProjectSection(ProjectDependencies) = postProject
		{4147D5E1-E7C3-4519-93F9-6BA7020E4D82} = {4147D5E1-E7C3-4519-93F9-6BA7020E4D82}
	EndProjectSection
EndProject
Global
	GlobalSection(SolutionConfigurationPlatforms) = preSolution
		CD_ROM|Any CPU = CD_ROM|Any CPU
		Debug|Any CPU = Debug|Any CPU
		DVD-5|Any CPU = DVD-5|Any CPU
		Release|Any CPU = Release|Any CPU
		SingleImage|Any CPU = SingleImage|Any CPU
	EndGlobalSection
	GlobalSection(ProjectConfigurationPlatforms) = postSolution
		{4147D5E1-E7C3-4519-93F9-6BA7020E4D82}.CD_ROM|Any CPU.ActiveCfg = Release|Any CPU
		{4147D5E1-E7C3-4519-93F9-6BA7020E4D82}.CD_ROM|Any CPU.Build.0 = Release|Any CPU
		{4147D5E1-E7C3-4519-93F9-6BA7020E4D82}.Debug|Any CPU.ActiveCfg = Debug|Any CPU
		{4147D5E1-E7C3-4519-93F9-6BA7020E4D82}.Debug|Any CPU.Build.0 = Debug|Any CPU
		{4147D5E1-E7C3-4519-93F9-6BA7020E4D82}.DVD-5|Any CPU.ActiveCfg = Debug|Any CPU
		{4147D5E1-E7C3-4519-93F9-6BA7020E4D82}.DVD-5|Any CPU.Build.0 = Debug|Any CPU
		{4147D5E1-E7C3-4519-93F9-6BA7020E4D82}.Release|Any CPU.ActiveCfg = Release|Any CPU
		{4147D5E1-E7C3-4519-93F9-6BA7020E4D82}.Release|Any CPU.Build.0 = Release|Any CPU
		{4147D5E1-E7C3-4519-93F9-6BA7020E4D82}.SingleImage|Any CPU.ActiveCfg = Release|Any CPU
		{4147D5E1-E7C3-4519-93F9-6BA7020E4D82}.SingleImage|Any CPU.Build.0 = Release|Any CPU
		{83DB9899-5876-4735-B726-78F663485F6B}.CD_ROM|Any CPU.ActiveCfg = CD_ROM
		{83DB9899-5876-4735-B726-78F663485F6B}.CD_ROM|Any CPU.Build.0 = CD_ROM
		{83DB9899-5876-4735-B726-78F663485F6B}.Debug|Any CPU.ActiveCfg = DVD-5
		{83DB9899-5876-4735-B726-78F663485F6B}.Debug|Any CPU.Build.0 = DVD-5
		{83DB9899-5876-4735-B726-78F663485F6B}.DVD-5|Any CPU.ActiveCfg = DVD-5
		{83DB9899-5876-4735-B726-78F663485F6B}.DVD-5|Any CPU.Build.0 = DVD-5
		{83DB9899-5876-4735-B726-78F663485F6B}.Release|Any CPU.ActiveCfg = SingleImage
		{83DB9899-5876-4735-B726-78F663485F6B}.Release|Any CPU.Build.0 = SingleImage
		{83DB9899-5876-4735-B726-78F663485F6B}.SingleImage|Any CPU.ActiveCfg = SingleImage
		{83DB9899-5876-4735-B726-78F663485F6B}.SingleImage|Any CPU.Build.0 = SingleImage
	EndGlobalSection
	GlobalSection(SolutionProperties) = preSolution
		HideSolutionNode = FALSE
	EndGlobalSection
EndGlobal
